{
  "dependencies": {
    "react-scripts": {
      "version": "4.0.3",
      "from": "https://gitpkg.now.sh/facebook/create-react-app/packages/react-scripts?wp5",
      "dependencies": {
        "react-dev-utils": {
          "version": "11.0.4",
          "from": "https://gitpkg.now.sh/facebook/create-react-app/packages/react-dev-utils?wp5",
          "dependencies": {
            "react-error-overlay": {
              "version": "6.0.9",
              "from": "https://gitpkg.now.sh/facebook/create-react-app/packages/react-error-overlay?wp5",
              "dependencies": {
                "anser": { "version": "^2.0.1" },
                "cross-env": { "version": "^7.0.3" },
                "fork-ts-checker-webpack-plugin": { "version": "^6.2.10" },
                "raw-loader": { "version": "^4.0.2" },
                "settle-promise": { "version": "^1.0.0" }
              }
            }
          }
        }
      }
    }
  }
}
